Microsoft Visual Studio Solution File, Format Version 12.00
# Visual Studio Version 17
VisualStudioVersion = 17.0.31611.283
MinimumVisualStudioVersion = 10.0.40219.1
Project("{9A19103F-16F7-4668-BE54-9A1E7A4F7556}") = "Client", "Client\Client.csproj", "{A21B3EEF-18AC-46FF-B7AD-D93B4C4D08D7}"
EndProject
Project("{FAE04EC0-301F-11D3-BF4B-00C04F79EFBC}") = "Host", "Host\Host.csproj", "{8D522E1F-B385-483D-9DF2-5DB18D709537}"
EndProject
Project("{FAE04EC0-301F-11D3-BF4B-00C04F79EFBC}") = "Websockets", "Websockets\Websockets.csproj", "{D54BBB45-2036-4872-A0E4-1502BA4AC4B2}"
EndProject
Global
	GlobalSection(SolutionConfigurationPlatforms) = preSolution
		Debug|Any CPU = Debug|Any CPU
		Release|Any CPU = Release|Any CPU
	EndGlobalSection
	GlobalSection(ProjectConfigurationPlatforms) = postSolution
		{A21B3EEF-18AC-46FF-B7AD-D93B4C4D08D7}.Debug|Any CPU.ActiveCfg = Debug|Any CPU
		{A21B3EEF-18AC-46FF-B7AD-D93B4C4D08D7}.Debug|Any CPU.Build.0 = Debug|Any CPU
		{A21B3EEF-18AC-46FF-B7AD-D93B4C4D08D7}.Debug|Any CPU.Deploy.0 = Debug|Any CPU
		{A21B3EEF-18AC-46FF-B7AD-D93B4C4D08D7}.Release|Any CPU.ActiveCfg = Release|Any CPU
		{A21B3EEF-18AC-46FF-B7AD-D93B4C4D08D7}.Release|Any CPU.Build.0 = Release|Any CPU
		{A21B3EEF-18AC-46FF-B7AD-D93B4C4D08D7}.Release|Any CPU.Deploy.0 = Release|Any CPU
		{8D522E1F-B385-483D-9DF2-5DB18D709537}.Debug|Any CPU.ActiveCfg = Debug|Any CPU
		{8D522E1F-B385-483D-9DF2-5DB18D709537}.Debug|Any CPU.Build.0 = Debug|Any CPU
		{8D522E1F-B385-483D-9DF2-5DB18D709537}.Release|Any CPU.ActiveCfg = Release|Any CPU
		{8D522E1F-B385-483D-9DF2-5DB18D709537}.Release|Any CPU.Build.0 = Release|Any CPU
		{D54BBB45-2036-4872-A0E4-1502BA4AC4B2}.Debug|Any CPU.ActiveCfg = Debug|Any CPU
		{D54BBB45-2036-4872-A0E4-1502BA4AC4B2}.Debug|Any CPU.Build.0 = Debug|Any CPU
		{D54BBB45-2036-4872-A0E4-1502BA4AC4B2}.Release|Any CPU.ActiveCfg = Release|Any CPU
		{D54BBB45-2036-4872-A0E4-1502BA4AC4B2}.Release|Any CPU.Build.0 = Release|Any CPU
	EndGlobalSection
	GlobalSection(SolutionProperties) = preSolution
		HideSolutionNode = FALSE
	EndGlobalSection
	GlobalSection(ExtensibilityGlobals) = postSolution
		SolutionGuid = {61F7FB11-1E47-470C-91E2-47F8143E1572}
	EndGlobalSection
EndGlobal
